
Microsoft Visual Studio Solution File, Format Version 12.00
# Visual Studio 2013
Project("{FAE04EC0-301F-11D3-BF4B-00C04F79EFBC}") = "UnityVS.HeartStone.CSharp", "UnityVS.HeartStone.CSharp.csproj", "{5CF36FFA-BF15-0E76-F2F9-87CCFA4A6C66}"
EndProject
Project("{FAE04EC0-301F-11D3-BF4B-00C04F79EFBC}") = "UnityVS.HeartStone.CSharp.Editor", "UnityVS.HeartStone.CSharp.Editor.csproj", "{6049AF15-6D94-D4A4-34C9-BC9520CBE9B7}"
EndProject
Global
	GlobalSection(SolutionConfigurationPlatforms) = preSolution
		Debug|Any CPU = Debug|Any CPU
		Release|Any CPU = Release|Any CPU
	EndGlobalSection
	GlobalSection(ProjectConfigurationPlatforms) = postSolution
		{5CF36FFA-BF15-0E76-F2F9-87CCFA4A6C66}.Debug|Any CPU.ActiveCfg = Debug|Any CPU
		{5CF36FFA-BF15-0E76-F2F9-87CCFA4A6C66}.Debug|Any CPU.Build.0 = Debug|Any CPU
		{5CF36FFA-BF15-0E76-F2F9-87CCFA4A6C66}.Release|Any CPU.ActiveCfg = Release|Any CPU
		{5CF36FFA-BF15-0E76-F2F9-87CCFA4A6C66}.Release|Any CPU.Build.0 = Release|Any CPU
		{6049AF15-6D94-D4A4-34C9-BC9520CBE9B7}.Debug|Any CPU.ActiveCfg = Debug|Any CPU
		{6049AF15-6D94-D4A4-34C9-BC9520CBE9B7}.Debug|Any CPU.Build.0 = Debug|Any CPU
		{6049AF15-6D94-D4A4-34C9-BC9520CBE9B7}.Release|Any CPU.ActiveCfg = Release|Any CPU
		{6049AF15-6D94-D4A4-34C9-BC9520CBE9B7}.Release|Any CPU.Build.0 = Release|Any CPU
	EndGlobalSection
	GlobalSection(SolutionProperties) = preSolution
		HideSolutionNode = FALSE
	EndGlobalSection
EndGlobal
